
Microsoft Visual Studio Solution File, Format Version 12.00
# Visual Studio Version 17
VisualStudioVersion = 17.0.32112.339
MinimumVisualStudioVersion = 10.0.40219.1
Project("{2150E333-8FDC-42A3-9474-1A3956D46DE8}") = "Solution Items", "Solution Items", "{165A4810-6E26-491A-9355-C107FF09686A}"
	ProjectSection(SolutionItems) = preProject
		.editorconfig = .editorconfig
	EndProjectSection
EndProject
Project("{9A19103F-16F7-4668-BE54-9A1E7A4F7556}") = "Mini.Wms.Abstraction", "Mini.Wms.Abstraction\Mini.Wms.Abstraction.csproj", "{A22B21B6-B1C3-4510-8698-2E084E1A53F2}"
EndProject
Global
	GlobalSection(SolutionConfigurationPlatforms) = preSolution
		Debug|Any CPU = Debug|Any CPU
		Release|Any CPU = Release|Any CPU
	EndGlobalSection
	GlobalSection(ProjectConfigurationPlatforms) = postSolution
		{A22B21B6-B1C3-4510-8698-2E084E1A53F2}.Debug|Any CPU.ActiveCfg = Debug|Any CPU
		{A22B21B6-B1C3-4510-8698-2E084E1A53F2}.Debug|Any CPU.Build.0 = Debug|Any CPU
		{A22B21B6-B1C3-4510-8698-2E084E1A53F2}.Release|Any CPU.ActiveCfg = Release|Any CPU
		{A22B21B6-B1C3-4510-8698-2E084E1A53F2}.Release|Any CPU.Build.0 = Release|Any CPU
	EndGlobalSection
	GlobalSection(SolutionProperties) = preSolution
		HideSolutionNode = FALSE
	EndGlobalSection
	GlobalSection(ExtensibilityGlobals) = postSolution
		SolutionGuid = {E9A1DD0B-ABC7-4F5F-8268-454DCFE07E2B}
	EndGlobalSection
EndGlobal
