
Microsoft Visual Studio Solution File, Format Version 12.00
# Visual Studio Version 17
VisualStudioVersion = 17.0.32112.339
MinimumVisualStudioVersion = 10.0.40219.1
Project("{9A19103F-16F7-4668-BE54-9A1E7A4F7556}") = "Mini.Common", "Mini.Common\Mini.Common.csproj", "{D559D89A-D092-4802-975A-55F891C53052}"
EndProject
Project("{2150E333-8FDC-42A3-9474-1A3956D46DE8}") = "Solution Items", "Solution Items", "{165A4810-6E26-491A-9355-C107FF09686A}"
	ProjectSection(SolutionItems) = preProject
		.editorconfig = .editorconfig
	EndProjectSection
EndProject
Project("{9A19103F-16F7-4668-BE54-9A1E7A4F7556}") = "Mini.Common.Tests", "Mini.Common.Tests\Mini.Common.Tests.csproj", "{5AA4EAA2-DC63-4E39-836B-81C9275F3A45}"
EndProject
Project("{9A19103F-16F7-4668-BE54-9A1E7A4F7556}") = "Mini.Wms.Abstraction", "Mini.Wms.DataAbstraction\Mini.Wms.Abstraction.csproj", "{8CA5161F-A3C8-4FD1-A976-B097FB74EF5F}"
EndProject
Global
	GlobalSection(SolutionConfigurationPlatforms) = preSolution
		Debug|Any CPU = Debug|Any CPU
		Release|Any CPU = Release|Any CPU
	EndGlobalSection
	GlobalSection(ProjectConfigurationPlatforms) = postSolution
		{D559D89A-D092-4802-975A-55F891C53052}.Debug|Any CPU.ActiveCfg = Debug|Any CPU
		{D559D89A-D092-4802-975A-55F891C53052}.Debug|Any CPU.Build.0 = Debug|Any CPU
		{D559D89A-D092-4802-975A-55F891C53052}.Release|Any CPU.ActiveCfg = Release|Any CPU
		{D559D89A-D092-4802-975A-55F891C53052}.Release|Any CPU.Build.0 = Release|Any CPU
		{5AA4EAA2-DC63-4E39-836B-81C9275F3A45}.Debug|Any CPU.ActiveCfg = Debug|Any CPU
		{5AA4EAA2-DC63-4E39-836B-81C9275F3A45}.Debug|Any CPU.Build.0 = Debug|Any CPU
		{5AA4EAA2-DC63-4E39-836B-81C9275F3A45}.Release|Any CPU.ActiveCfg = Release|Any CPU
		{5AA4EAA2-DC63-4E39-836B-81C9275F3A45}.Release|Any CPU.Build.0 = Release|Any CPU
		{8CA5161F-A3C8-4FD1-A976-B097FB74EF5F}.Debug|Any CPU.ActiveCfg = Debug|Any CPU
		{8CA5161F-A3C8-4FD1-A976-B097FB74EF5F}.Debug|Any CPU.Build.0 = Debug|Any CPU
		{8CA5161F-A3C8-4FD1-A976-B097FB74EF5F}.Release|Any CPU.ActiveCfg = Release|Any CPU
		{8CA5161F-A3C8-4FD1-A976-B097FB74EF5F}.Release|Any CPU.Build.0 = Release|Any CPU
	EndGlobalSection
	GlobalSection(SolutionProperties) = preSolution
		HideSolutionNode = FALSE
	EndGlobalSection
	GlobalSection(ExtensibilityGlobals) = postSolution
		SolutionGuid = {E9A1DD0B-ABC7-4F5F-8268-454DCFE07E2B}
	EndGlobalSection
EndGlobal
